
Microsoft Visual Studio Solution File, Format Version 12.00
Project("{2150E333-8FDC-42A3-9474-1A3956D46DE8}") = "services", "services", "{9710761B-55ED-4818-BA64-6DC1ED10E5F3}"
EndProject
Project("{FAE04EC0-301F-11D3-BF4B-00C04F79EFBC}") = "User.Api", "User.Api\User.Api.csproj", "{74AF34EB-96BA-4E3D-AD79-F5BA3DF8A84C}"
EndProject
Project("{2150E333-8FDC-42A3-9474-1A3956D46DE8}") = "Solution Items", "Solution Items", "{95C6D5B2-7EED-474B-8992-B079FFF6B38C}"
	ProjectSection(SolutionItems) = preProject
		docker-compose.yml = docker-compose.yml
	EndProjectSection
EndProject
Project("{2150E333-8FDC-42A3-9474-1A3956D46DE8}") = "gateway", "gateway", "{550AA213-4020-45A3-99C6-84148E338469}"
EndProject
Project("{FAE04EC0-301F-11D3-BF4B-00C04F79EFBC}") = "Gateway", "Gateway\Gateway.csproj", "{B876E35F-9E70-4259-88FB-8925E708DD6B}"
EndProject
Project("{2150E333-8FDC-42A3-9474-1A3956D46DE8}") = "user", "user", "{C6A76B89-C346-47A1-A8F5-322C401AA3E2}"
EndProject
Project("{FAE04EC0-301F-11D3-BF4B-00C04F79EFBC}") = "User.Domain", "User.Domain\User.Domain.csproj", "{C3159E1D-773E-4D63-8664-EFE8F7B9FAB3}"
EndProject
Project("{FAE04EC0-301F-11D3-BF4B-00C04F79EFBC}") = "User.Application", "User.Application\User.Application.csproj", "{FC1F3780-67BC-4BA4-89EB-2F21DEE42E87}"
EndProject
Project("{FAE04EC0-301F-11D3-BF4B-00C04F79EFBC}") = "User.Infrastructure", "User.Infrastructure\User.Infrastructure.csproj", "{94E11A1B-B75B-424B-9334-8E51EB85323F}"
EndProject
Project("{FAE04EC0-301F-11D3-BF4B-00C04F79EFBC}") = "Shared", "Shared\Shared.csproj", "{90640936-F360-4390-ACB2-2F6E34FD3062}"
EndProject
Project("{2150E333-8FDC-42A3-9474-1A3956D46DE8}") = "chat", "chat", "{7328BD76-A433-4D69-9ADE-72237D5706A1}"
EndProject
Project("{FAE04EC0-301F-11D3-BF4B-00C04F79EFBC}") = "Chat.Application", "Chat.Application\Chat.Application.csproj", "{AD1DDDC4-55D9-41DB-9ADE-E698100D9B4B}"
EndProject
Global
	GlobalSection(SolutionConfigurationPlatforms) = preSolution
		Debug|Any CPU = Debug|Any CPU
		Release|Any CPU = Release|Any CPU
	EndGlobalSection
	GlobalSection(NestedProjects) = preSolution
		{B876E35F-9E70-4259-88FB-8925E708DD6B} = {550AA213-4020-45A3-99C6-84148E338469}
		{C6A76B89-C346-47A1-A8F5-322C401AA3E2} = {9710761B-55ED-4818-BA64-6DC1ED10E5F3}
		{74AF34EB-96BA-4E3D-AD79-F5BA3DF8A84C} = {C6A76B89-C346-47A1-A8F5-322C401AA3E2}
		{C3159E1D-773E-4D63-8664-EFE8F7B9FAB3} = {C6A76B89-C346-47A1-A8F5-322C401AA3E2}
		{FC1F3780-67BC-4BA4-89EB-2F21DEE42E87} = {C6A76B89-C346-47A1-A8F5-322C401AA3E2}
		{94E11A1B-B75B-424B-9334-8E51EB85323F} = {C6A76B89-C346-47A1-A8F5-322C401AA3E2}
		{90640936-F360-4390-ACB2-2F6E34FD3062} = {C6A76B89-C346-47A1-A8F5-322C401AA3E2}
		{7328BD76-A433-4D69-9ADE-72237D5706A1} = {9710761B-55ED-4818-BA64-6DC1ED10E5F3}
		{AD1DDDC4-55D9-41DB-9ADE-E698100D9B4B} = {7328BD76-A433-4D69-9ADE-72237D5706A1}
	EndGlobalSection
	GlobalSection(ProjectConfigurationPlatforms) = postSolution
		{74AF34EB-96BA-4E3D-AD79-F5BA3DF8A84C}.Debug|Any CPU.ActiveCfg = Debug|Any CPU
		{74AF34EB-96BA-4E3D-AD79-F5BA3DF8A84C}.Debug|Any CPU.Build.0 = Debug|Any CPU
		{74AF34EB-96BA-4E3D-AD79-F5BA3DF8A84C}.Release|Any CPU.ActiveCfg = Release|Any CPU
		{74AF34EB-96BA-4E3D-AD79-F5BA3DF8A84C}.Release|Any CPU.Build.0 = Release|Any CPU
		{B876E35F-9E70-4259-88FB-8925E708DD6B}.Debug|Any CPU.ActiveCfg = Debug|Any CPU
		{B876E35F-9E70-4259-88FB-8925E708DD6B}.Debug|Any CPU.Build.0 = Debug|Any CPU
		{B876E35F-9E70-4259-88FB-8925E708DD6B}.Release|Any CPU.ActiveCfg = Release|Any CPU
		{B876E35F-9E70-4259-88FB-8925E708DD6B}.Release|Any CPU.Build.0 = Release|Any CPU
		{C3159E1D-773E-4D63-8664-EFE8F7B9FAB3}.Debug|Any CPU.ActiveCfg = Debug|Any CPU
		{C3159E1D-773E-4D63-8664-EFE8F7B9FAB3}.Debug|Any CPU.Build.0 = Debug|Any CPU
		{C3159E1D-773E-4D63-8664-EFE8F7B9FAB3}.Release|Any CPU.ActiveCfg = Release|Any CPU
		{C3159E1D-773E-4D63-8664-EFE8F7B9FAB3}.Release|Any CPU.Build.0 = Release|Any CPU
		{FC1F3780-67BC-4BA4-89EB-2F21DEE42E87}.Debug|Any CPU.ActiveCfg = Debug|Any CPU
		{FC1F3780-67BC-4BA4-89EB-2F21DEE42E87}.Debug|Any CPU.Build.0 = Debug|Any CPU
		{FC1F3780-67BC-4BA4-89EB-2F21DEE42E87}.Release|Any CPU.ActiveCfg = Release|Any CPU
		{FC1F3780-67BC-4BA4-89EB-2F21DEE42E87}.Release|Any CPU.Build.0 = Release|Any CPU
		{94E11A1B-B75B-424B-9334-8E51EB85323F}.Debug|Any CPU.ActiveCfg = Debug|Any CPU
		{94E11A1B-B75B-424B-9334-8E51EB85323F}.Debug|Any CPU.Build.0 = Debug|Any CPU
		{94E11A1B-B75B-424B-9334-8E51EB85323F}.Release|Any CPU.ActiveCfg = Release|Any CPU
		{94E11A1B-B75B-424B-9334-8E51EB85323F}.Release|Any CPU.Build.0 = Release|Any CPU
		{90640936-F360-4390-ACB2-2F6E34FD3062}.Debug|Any CPU.ActiveCfg = Debug|Any CPU
		{90640936-F360-4390-ACB2-2F6E34FD3062}.Debug|Any CPU.Build.0 = Debug|Any CPU
		{90640936-F360-4390-ACB2-2F6E34FD3062}.Release|Any CPU.ActiveCfg = Release|Any CPU
		{90640936-F360-4390-ACB2-2F6E34FD3062}.Release|Any CPU.Build.0 = Release|Any CPU
		{AD1DDDC4-55D9-41DB-9ADE-E698100D9B4B}.Debug|Any CPU.ActiveCfg = Debug|Any CPU
		{AD1DDDC4-55D9-41DB-9ADE-E698100D9B4B}.Debug|Any CPU.Build.0 = Debug|Any CPU
		{AD1DDDC4-55D9-41DB-9ADE-E698100D9B4B}.Release|Any CPU.ActiveCfg = Release|Any CPU
		{AD1DDDC4-55D9-41DB-9ADE-E698100D9B4B}.Release|Any CPU.Build.0 = Release|Any CPU
	EndGlobalSection
EndGlobal
